
Microsoft Visual Studio Solution File, Format Version 12.00
# Visual Studio Version 17
VisualStudioVersion = 17.3.32901.215
MinimumVisualStudioVersion = 10.0.40219.1
Project("{9A19103F-16F7-4668-BE54-9A1E7A4F7556}") = "BusinessObject", "BusinessObject\BusinessObject.csproj", "{C0051368-5CD0-4F0C-987E-AA35BE759AF7}"
EndProject
Project("{9A19103F-16F7-4668-BE54-9A1E7A4F7556}") = "DataAccess", "DataAccess\DataAccess.csproj", "{929EC88F-3D34-44FA-BF82-0546A977C347}"
EndProject
Project("{9A19103F-16F7-4668-BE54-9A1E7A4F7556}") = "DuongGiaPhatWPF", "PRN221_A01_DuongGiaPhat\DuongGiaPhatWPF.csproj", "{51623ECE-78E0-439C-99EC-7746E9AA1D8B}"
EndProject
Global
	GlobalSection(SolutionConfigurationPlatforms) = preSolution
		Debug|Any CPU = Debug|Any CPU
		Release|Any CPU = Release|Any CPU
	EndGlobalSection
	GlobalSection(ProjectConfigurationPlatforms) = postSolution
		{C0051368-5CD0-4F0C-987E-AA35BE759AF7}.Debug|Any CPU.ActiveCfg = Debug|Any CPU
		{C0051368-5CD0-4F0C-987E-AA35BE759AF7}.Debug|Any CPU.Build.0 = Debug|Any CPU
		{C0051368-5CD0-4F0C-987E-AA35BE759AF7}.Release|Any CPU.ActiveCfg = Release|Any CPU
		{C0051368-5CD0-4F0C-987E-AA35BE759AF7}.Release|Any CPU.Build.0 = Release|Any CPU
		{929EC88F-3D34-44FA-BF82-0546A977C347}.Debug|Any CPU.ActiveCfg = Debug|Any CPU
		{929EC88F-3D34-44FA-BF82-0546A977C347}.Debug|Any CPU.Build.0 = Debug|Any CPU
		{929EC88F-3D34-44FA-BF82-0546A977C347}.Release|Any CPU.ActiveCfg = Release|Any CPU
		{929EC88F-3D34-44FA-BF82-0546A977C347}.Release|Any CPU.Build.0 = Release|Any CPU
		{51623ECE-78E0-439C-99EC-7746E9AA1D8B}.Debug|Any CPU.ActiveCfg = Debug|Any CPU
		{51623ECE-78E0-439C-99EC-7746E9AA1D8B}.Debug|Any CPU.Build.0 = Debug|Any CPU
		{51623ECE-78E0-439C-99EC-7746E9AA1D8B}.Release|Any CPU.ActiveCfg = Release|Any CPU
		{51623ECE-78E0-439C-99EC-7746E9AA1D8B}.Release|Any CPU.Build.0 = Release|Any CPU
	EndGlobalSection
	GlobalSection(SolutionProperties) = preSolution
		HideSolutionNode = FALSE
	EndGlobalSection
	GlobalSection(ExtensibilityGlobals) = postSolution
		SolutionGuid = {195ED17C-7C1A-4A91-BDBE-3506F37E67D4}
	EndGlobalSection
EndGlobal
